{
  "name": "@rotomeca/promise",
  "version": "1.0.0",
  "lockfileVersion": 3,
  "requires": true,
  "packages": {
    "": {
      "name": "@rotomeca/promise",
      "version": "1.0.0",
      "license": "ISC",
      "dependencies": {
        "@rotomeca/event": "^1.0.0"
      }
    },
    "node_modules/@rotomeca/event": {
      "version": "1.0.0",
      "resolved": "https://registry.npmjs.org/@rotomeca/event/-/event-1.0.0.tgz",
      "integrity": "sha512-H2G4MJLtK8Vii5dkjZfhyqmseSV8j++812YhfsS8pW2fVjPSLVwirPWhLEoOEGv9mBzz3fCwYzrH5X1d2QMVJQ==",
      "license": "ISC"
    }
  }
}
